<Solution>
  <Folder Name="/src/">
    <Project Path="src/Peeklism.App/Peeklism.App.csproj">
      <Platform Project="x64" />
    </Project>
    <Project Path="src/Peeklism.Bootstrap/Peeklism.Bootstrap.csproj">
      <Platform Project="x64" />
    </Project>
    <Project Path="src/Peeklism.Core/Peeklism.Core.csproj" />
    <Project Path="src/Peeklism.Setup/Peeklism.Setup.csproj">
      <Platform Project="x64" />
    </Project>
    <Project Path="src/Peeklism.Uninstall/Peeklism.Uninstall.csproj">
      <Platform Project="x64" />
    </Project>
  </Folder>
  <Folder Name="/tests/">
    <Project Path="tests/Peeklism.Tests/Peeklism.Tests.csproj" />
  </Folder>
  <Folder Name="/tools/">
    <Project Path="tools/Peeklism.Probe/Peeklism.Probe.csproj" />
  </Folder>
</Solution>
